
Microsoft Visual Studio Solution File, Format Version 12.00
# Visual Studio Version 16
VisualStudioVersion = 16.0.31424.327
MinimumVisualStudioVersion = 10.0.40219.1
Project("{FAE04EC0-301F-11D3-BF4B-00C04F79EFBC}") = "PetCare", "PetCare\PetCare.csproj", "{72C0FB5D-E497-4746-ACBA-5ACCD5B105D8}"
EndProject
Global
	GlobalSection(SolutionConfigurationPlatforms) = preSolution
		Debug|Any CPU = Debug|Any CPU
		Release|Any CPU = Release|Any CPU
	EndGlobalSection
	GlobalSection(ProjectConfigurationPlatforms) = postSolution
		{72C0FB5D-E497-4746-ACBA-5ACCD5B105D8}.Debug|Any CPU.ActiveCfg = Debug|Any CPU
		{72C0FB5D-E497-4746-ACBA-5ACCD5B105D8}.Debug|Any CPU.Build.0 = Debug|Any CPU
		{72C0FB5D-E497-4746-ACBA-5ACCD5B105D8}.Release|Any CPU.ActiveCfg = Release|Any CPU
		{72C0FB5D-E497-4746-ACBA-5ACCD5B105D8}.Release|Any CPU.Build.0 = Release|Any CPU
	EndGlobalSection
	GlobalSection(SolutionProperties) = preSolution
		HideSolutionNode = FALSE
	EndGlobalSection
	GlobalSection(ExtensibilityGlobals) = postSolution
		SolutionGuid = {CF16A465-4AE3-459F-9D9E-0A3413270B4E}
	EndGlobalSection
EndGlobal
